{
  "originHash" : "8b92def87d20b92bac143d19d170f0a6a2a91fb8ca48bcdecdef05115aafa636",
  "pins" : [
    {
      "identity" : "json-logic-swift",
      "kind" : "remoteSourceControl",
      "location" : "https://github.com/advantagefse/json-logic-swift",
      "state" : {
        "revision" : "9088eed1b26937fe13d248aa24d7632a51be28e2",
        "version" : "1.2.4"
      }
    },
    {
      "identity" : "mixpanel-swift",
      "kind" : "remoteSourceControl",
      "location" : "https://github.com/mixpanel/mixpanel-swift.git",
      "state" : {
        "revision" : "aa0638722c88e6923f9faa312ec6372e440034d0",
        "version" : "6.4.0"
      }
    },
    {
      "identity" : "mixpanel-swift-common",
      "kind" : "remoteSourceControl",
      "location" : "https://github.com/mixpanel/mixpanel-swift-common.git",
      "state" : {
        "revision" : "ffd168d972a1bea7e86104f253a3e105c69217e5",
        "version" : "1.0.1"
      }
    },
    {
      "identity" : "sentry-cocoa",
      "kind" : "remoteSourceControl",
      "location" : "https://github.com/getsentry/sentry-cocoa.git",
      "state" : {
        "revision" : "64c9c5cc401aefde0eda46a9192b36082533a79d",
        "version" : "9.13.0"
      }
    }
  ],
  "version" : 3
}
