// !$*UTF8*$!
{
	archiveVersion = 1;
	classes = {
	};
	objectVersion = 77;
	objects = {

/* Begin PBXBuildFile section */
		0A5F431D2FBA675A008A7358 /* Mixpanel in Frameworks */ = {isa = PBXBuildFile; productRef = 0A5F431C2FBA675A008A7358 /* Mixpanel */; };
		0A5F43222FBA6D0C008A7358 /* Sentry in Frameworks */ = {isa = PBXBuildFile; productRef = 0A5F43212FBA6D0C008A7358 /* Sentry */; };
/* End PBXBuildFile section */

/* Begin PBXContainerItemProxy section */
		E518BCE72F916C2800197E0F /* PBXContainerItemProxy */ = {
			isa = PBXContainerItemProxy;
			containerPortal = E52AC4DF2F8EEC54008BBC95 /* Project object */;
			proxyType = 1;
			remoteGlobalIDString = E52AC4E62F8EEC54008BBC95;
			remoteInfo = SmarterTraining;
		};
/* End PBXContainerItemProxy section */

/* Begin PBXFileReference section */
		E518BCE32F916C2700197E0F /* SmarterTrainingTests.xctest */ = {isa = PBXFileReference; explicitFileType = wrapper.cfbundle; includeInIndex = 0; path = SmarterTrainingTests.xctest; sourceTree = BUILT_PRODUCTS_DIR; };
		E52AC4E72F8EEC54008BBC95 /* SmarterTraining.app */ = {isa = PBXFileReference; explicitFileType = wrapper.application; includeInIndex = 0; path = SmarterTraining.app; sourceTree = BUILT_PRODUCTS_DIR; };
/* End PBXFileReference section */

/* Begin PBXFileSystemSynchronizedBuildFileExceptionSet section */
		0A5F42C62FB78F51008A7358 /* Exceptions for "SmarterTraining" folder in "SmarterTraining" target */ = {
			isa = PBXFileSystemSynchronizedBuildFileExceptionSet;
			membershipExceptions = (
				Info.plist,
			);
			target = E52AC4E62F8EEC54008BBC95 /* SmarterTraining */;
		};
/* End PBXFileSystemSynchronizedBuildFileExceptionSet section */

/* Begin PBXFileSystemSynchronizedRootGroup section */
		E518BCE42F916C2700197E0F /* SmarterTrainingTests */ = {
			isa = PBXFileSystemSynchronizedRootGroup;
			path = SmarterTrainingTests;
			sourceTree = "<group>";
		};
		E52AC4E92F8EEC54008BBC95 /* SmarterTraining */ = {
			isa = PBXFileSystemSynchronizedRootGroup;
			exceptions = (
				0A5F42C62FB78F51008A7358 /* Exceptions for "SmarterTraining" folder in "SmarterTraining" target */,
			);
			path = SmarterTraining;
			sourceTree = "<group>";
		};
/* End PBXFileSystemSynchronizedRootGroup section */

/* Begin PBXFrameworksBuildPhase section */
		E518BCE02F916C2700197E0F /* Frameworks */ = {
			isa = PBXFrameworksBuildPhase;
			buildActionMask = 2147483647;
			files = (
			);
			runOnlyForDeploymentPostprocessing = 0;
		};
		E52AC4E42F8EEC54008BBC95 /* Frameworks */ = {
			isa = PBXFrameworksBuildPhase;
			buildActionMask = 2147483647;
			files = (
				0A5F431D2FBA675A008A7358 /* Mixpanel in Frameworks */,
				0A5F43222FBA6D0C008A7358 /* Sentry in Frameworks */,
			);
			runOnlyForDeploymentPostprocessing = 0;
		};
/* End PBXFrameworksBuildPhase section */

/* Begin PBXGroup section */
		0A5F431B2FBA675A008A7358 /* Frameworks */ = {
			isa = PBXGroup;
			children = (
			);
			name = Frameworks;
			sourceTree = "<group>";
		};
		E52AC4DE2F8EEC54008BBC95 = {
			isa = PBXGroup;
			children = (
				E52AC4E92F8EEC54008BBC95 /* SmarterTraining */,
				E518BCE42F916C2700197E0F /* SmarterTrainingTests */,
				0A5F431B2FBA675A008A7358 /* Frameworks */,
				E52AC4E82F8EEC54008BBC95 /* Products */,
			);
			sourceTree = "<group>";
		};
		E52AC4E82F8EEC54008BBC95 /* Products */ = {
			isa = PBXGroup;
			children = (
				E52AC4E72F8EEC54008BBC95 /* SmarterTraining.app */,
				E518BCE32F916C2700197E0F /* SmarterTrainingTests.xctest */,
			);
			name = Products;
			sourceTree = "<group>";
		};
/* End PBXGroup section */

/* Begin PBXNativeTarget section */
		E518BCE22F916C2700197E0F /* SmarterTrainingTests */ = {
			isa = PBXNativeTarget;
			buildConfigurationList = E518BCE92F916C2800197E0F /* Build configuration list for PBXNativeTarget "SmarterTrainingTests" */;
			buildPhases = (
				E518BCDF2F916C2700197E0F /* Sources */,
				E518BCE02F916C2700197E0F /* Frameworks */,
				E518BCE12F916C2700197E0F /* Resources */,
			);
			buildRules = (
			);
			dependencies = (
				E518BCE82F916C2800197E0F /* PBXTargetDependency */,
			);
			fileSystemSynchronizedGroups = (
				E518BCE42F916C2700197E0F /* SmarterTrainingTests */,
			);
			name = SmarterTrainingTests;
			packageProductDependencies = (
			);
			productName = SmarterTrainingTests;
			productReference = E518BCE32F916C2700197E0F /* SmarterTrainingTests.xctest */;
			productType = "com.apple.product-type.bundle.unit-test";
		};
		E52AC4E62F8EEC54008BBC95 /* SmarterTraining */ = {
			isa = PBXNativeTarget;
			buildConfigurationList = E52AC4F42F8EEC56008BBC95 /* Build configuration list for PBXNativeTarget "SmarterTraining" */;
			buildPhases = (
				E52AC4E32F8EEC54008BBC95 /* Sources */,
				E52AC4E42F8EEC54008BBC95 /* Frameworks */,
				E52AC4E52F8EEC54008BBC95 /* Resources */,
				0A5F432D2FBA800E008A7358 /* Run Script */,
			);
			buildRules = (
			);
			dependencies = (
			);
			fileSystemSynchronizedGroups = (
				E52AC4E92F8EEC54008BBC95 /* SmarterTraining */,
			);
			name = SmarterTraining;
			packageProductDependencies = (
				0A5F431C2FBA675A008A7358 /* Mixpanel */,
				0A5F43212FBA6D0C008A7358 /* Sentry */,
			);
			productName = SmarterTraining;
			productReference = E52AC4E72F8EEC54008BBC95 /* SmarterTraining.app */;
			productType = "com.apple.product-type.application";
		};
/* End PBXNativeTarget section */

/* Begin PBXProject section */
		E52AC4DF2F8EEC54008BBC95 /* Project object */ = {
			isa = PBXProject;
			attributes = {
				BuildIndependentTargetsInParallel = 1;
				LastSwiftUpdateCheck = 2640;
				LastUpgradeCheck = 2640;
				TargetAttributes = {
					E518BCE22F916C2700197E0F = {
						CreatedOnToolsVersion = 26.4;
						TestTargetID = E52AC4E62F8EEC54008BBC95;
					};
					E52AC4E62F8EEC54008BBC95 = {
						CreatedOnToolsVersion = 26.4;
					};
				};
			};
			buildConfigurationList = E52AC4E22F8EEC54008BBC95 /* Build configuration list for PBXProject "SmarterTraining" */;
			developmentRegion = en;
			hasScannedForEncodings = 0;
			knownRegions = (
				en,
				Base,
			);
			mainGroup = E52AC4DE2F8EEC54008BBC95;
			minimizedProjectReferenceProxies = 1;
			packageReferences = (
				0A5F43112FBA66AA008A7358 /* XCRemoteSwiftPackageReference "mixpanel-swift" */,
				0A5F43202FBA6D0C008A7358 /* XCRemoteSwiftPackageReference "sentry-cocoa" */,
			);
			preferredProjectObjectVersion = 77;
			productRefGroup = E52AC4E82F8EEC54008BBC95 /* Products */;
			projectDirPath = "";
			projectRoot = "";
			targets = (
				E52AC4E62F8EEC54008BBC95 /* SmarterTraining */,
				E518BCE22F916C2700197E0F /* SmarterTrainingTests */,
			);
		};
/* End PBXProject section */

/* Begin PBXResourcesBuildPhase section */
		E518BCE12F916C2700197E0F /* Resources */ = {
			isa = PBXResourcesBuildPhase;
			buildActionMask = 2147483647;
			files = (
			);
			runOnlyForDeploymentPostprocessing = 0;
		};
		E52AC4E52F8EEC54008BBC95 /* Resources */ = {
			isa = PBXResourcesBuildPhase;
			buildActionMask = 2147483647;
			files = (
			);
			runOnlyForDeploymentPostprocessing = 0;
		};
/* End PBXResourcesBuildPhase section */

/* Begin PBXShellScriptBuildPhase section */
		0A5F432D2FBA800E008A7358 /* Run Script */ = {
			isa = PBXShellScriptBuildPhase;
			buildActionMask = 2147483647;
			files = (
			);
			inputFileListPaths = (
			);
			inputPaths = (
			);
			name = "Run Script";
			outputFileListPaths = (
			);
			outputPaths = (
			);
			runOnlyForDeploymentPostprocessing = 0;
			shellPath = /bin/sh;
			shellScript = "if [ \"$CONFIGURATION\" = \"Release\" ]; then\n  # Copy Sentry dSYM into the archive so Xcode stops warning\n  SENTRY_DSYM=$(find \"${BUILD_DIR}\" -name \"Sentry.framework.dSYM\" -type d 2>/dev/null | head -1)\n  if [ -n \"${SENTRY_DSYM}\" ] && [ -d \"${DWARF_DSYM_FOLDER_PATH}\" ]; then\n    cp -r \"${SENTRY_DSYM}\" \"${DWARF_DSYM_FOLDER_PATH}/\"\n  fi\n\n  # Upload all dSYMs to Sentry\n  export SENTRY_PROPERTIES=\"$SRCROOT/.sentryclirc\"\n  if command -v sentry-cli &> /dev/null; then\n    sentry-cli debug-files upload --include-sources \"$DWARF_DSYM_FOLDER_PATH\"\n  else\n    echo \"warning: sentry-cli not found, skipping dSYM upload\"\n  fi\nfi\n\n";
		};
/* End PBXShellScriptBuildPhase section */

/* Begin PBXSourcesBuildPhase section */
		E518BCDF2F916C2700197E0F /* Sources */ = {
			isa = PBXSourcesBuildPhase;
			buildActionMask = 2147483647;
			files = (
			);
			runOnlyForDeploymentPostprocessing = 0;
		};
		E52AC4E32F8EEC54008BBC95 /* Sources */ = {
			isa = PBXSourcesBuildPhase;
			buildActionMask = 2147483647;
			files = (
			);
			runOnlyForDeploymentPostprocessing = 0;
		};
/* End PBXSourcesBuildPhase section */

/* Begin PBXTargetDependency section */
		E518BCE82F916C2800197E0F /* PBXTargetDependency */ = {
			isa = PBXTargetDependency;
			target = E52AC4E62F8EEC54008BBC95 /* SmarterTraining */;
			targetProxy = E518BCE72F916C2800197E0F /* PBXContainerItemProxy */;
		};
/* End PBXTargetDependency section */

/* Begin XCBuildConfiguration section */
		E518BCEA2F916C2800197E0F /* Debug */ = {
			isa = XCBuildConfiguration;
			buildSettings = {
				BUNDLE_LOADER = "$(TEST_HOST)";
				CODE_SIGN_STYLE = Automatic;
				CURRENT_PROJECT_VERSION = 1;
				DEVELOPMENT_TEAM = AM6PVF74CC;
				GENERATE_INFOPLIST_FILE = YES;
				MARKETING_VERSION = 1.0;
				PRODUCT_BUNDLE_IDENTIFIER = com.timforan.SmarterTrainingTests;
				PRODUCT_NAME = "$(TARGET_NAME)";
				STRING_CATALOG_GENERATE_SYMBOLS = NO;
				SWIFT_APPROACHABLE_CONCURRENCY = YES;
				SWIFT_EMIT_LOC_STRINGS = NO;
				SWIFT_UPCOMING_FEATURE_MEMBER_IMPORT_VISIBILITY = YES;
				SWIFT_VERSION = 5.0;
				TARGETED_DEVICE_FAMILY = "1,2";
				TEST_HOST = "$(BUILT_PRODUCTS_DIR)/SmarterTraining.app/$(BUNDLE_EXECUTABLE_FOLDER_PATH)/SmarterTraining";
			};
			name = Debug;
		};
		E518BCEB2F916C2800197E0F /* Release */ = {
			isa = XCBuildConfiguration;
			buildSettings = {
				BUNDLE_LOADER = "$(TEST_HOST)";
				CODE_SIGN_STYLE = Automatic;
				CURRENT_PROJECT_VERSION = 1;
				DEVELOPMENT_TEAM = AM6PVF74CC;
				GENERATE_INFOPLIST_FILE = YES;
				MARKETING_VERSION = 1.0;
				PRODUCT_BUNDLE_IDENTIFIER = com.timforan.SmarterTrainingTests;
				PRODUCT_NAME = "$(TARGET_NAME)";
				STRING_CATALOG_GENERATE_SYMBOLS = NO;
				SWIFT_APPROACHABLE_CONCURRENCY = YES;
				SWIFT_EMIT_LOC_STRINGS = NO;
				SWIFT_UPCOMING_FEATURE_MEMBER_IMPORT_VISIBILITY = YES;
				SWIFT_VERSION = 5.0;
				TARGETED_DEVICE_FAMILY = "1,2";
				TEST_HOST = "$(BUILT_PRODUCTS_DIR)/SmarterTraining.app/$(BUNDLE_EXECUTABLE_FOLDER_PATH)/SmarterTraining";
			};
			name = Release;
		};
		E52AC4F22F8EEC56008BBC95 /* Debug */ = {
			isa = XCBuildConfiguration;
			buildSettings = {
				ALWAYS_SEARCH_USER_PATHS = NO;
				ASSETCATALOG_COMPILER_GENERATE_SWIFT_ASSET_SYMBOL_EXTENSIONS = YES;
				CLANG_ANALYZER_NONNULL = YES;
				CLANG_ANALYZER_NUMBER_OBJECT_CONVERSION = YES_AGGRESSIVE;
				CLANG_CXX_LANGUAGE_STANDARD = "gnu++20";
				CLANG_ENABLE_MODULES = YES;
				CLANG_ENABLE_OBJC_ARC = YES;
				CLANG_ENABLE_OBJC_WEAK = YES;
				CLANG_WARN_BLOCK_CAPTURE_AUTORELEASING = YES;
				CLANG_WARN_BOOL_CONVERSION = YES;
				CLANG_WARN_COMMA = YES;
				CLANG_WARN_CONSTANT_CONVERSION = YES;
				CLANG_WARN_DEPRECATED_OBJC_IMPLEMENTATIONS = YES;
				CLANG_WARN_DIRECT_OBJC_ISA_USAGE = YES_ERROR;
				CLANG_WARN_DOCUMENTATION_COMMENTS = YES;
				CLANG_WARN_EMPTY_BODY = YES;
				CLANG_WARN_ENUM_CONVERSION = YES;
				CLANG_WARN_INFINITE_RECURSION = YES;
				CLANG_WARN_INT_CONVERSION = YES;
				CLANG_WARN_NON_LITERAL_NULL_CONVERSION = YES;
				CLANG_WARN_OBJC_IMPLICIT_RETAIN_SELF = YES;
				CLANG_WARN_OBJC_LITERAL_CONVERSION = YES;
				CLANG_WARN_OBJC_ROOT_CLASS = YES_ERROR;
				CLANG_WARN_QUOTED_INCLUDE_IN_FRAMEWORK_HEADER = YES;
				CLANG_WARN_RANGE_LOOP_ANALYSIS = YES;
				CLANG_WARN_STRICT_PROTOTYPES = YES;
				CLANG_WARN_SUSPICIOUS_MOVE = YES;
				CLANG_WARN_UNGUARDED_AVAILABILITY = YES_AGGRESSIVE;
				CLANG_WARN_UNREACHABLE_CODE = YES;
				CLANG_WARN__DUPLICATE_METHOD_MATCH = YES;
				COPY_PHASE_STRIP = NO;
				DEBUG_INFORMATION_FORMAT = dwarf;
				DEVELOPMENT_TEAM = AM6PVF74CC;
				ENABLE_STRICT_OBJC_MSGSEND = YES;
				ENABLE_TESTABILITY = YES;
				ENABLE_USER_SCRIPT_SANDBOXING = YES;
				GCC_C_LANGUAGE_STANDARD = gnu17;
				GCC_DYNAMIC_NO_PIC = NO;
				GCC_NO_COMMON_BLOCKS = YES;
				GCC_OPTIMIZATION_LEVEL = 0;
				GCC_PREPROCESSOR_DEFINITIONS = (
					"DEBUG=1",
					"$(inherited)",
				);
				GCC_WARN_64_TO_32_BIT_CONVERSION = YES;
				GCC_WARN_ABOUT_RETURN_TYPE = YES_ERROR;
				GCC_WARN_UNDECLARED_SELECTOR = YES;
				GCC_WARN_UNINITIALIZED_AUTOS = YES_AGGRESSIVE;
				GCC_WARN_UNUSED_FUNCTION = YES;
				GCC_WARN_UNUSED_VARIABLE = YES;
				IPHONEOS_DEPLOYMENT_TARGET = 26.4;
				LOCALIZATION_PREFERS_STRING_CATALOGS = YES;
				MTL_ENABLE_DEBUG_INFO = INCLUDE_SOURCE;
				MTL_FAST_MATH = YES;
				ONLY_ACTIVE_ARCH = YES;
				SDKROOT = iphoneos;
				SWIFT_ACTIVE_COMPILATION_CONDITIONS = "DEBUG $(inherited)";
				SWIFT_OPTIMIZATION_LEVEL = "-Onone";
			};
			name = Debug;
		};
		E52AC4F32F8EEC56008BBC95 /* Release */ = {
			isa = XCBuildConfiguration;
			buildSettings = {
				ALWAYS_SEARCH_USER_PATHS = NO;
				ASSETCATALOG_COMPILER_GENERATE_SWIFT_ASSET_SYMBOL_EXTENSIONS = YES;
				CLANG_ANALYZER_NONNULL = YES;
				CLANG_ANALYZER_NUMBER_OBJECT_CONVERSION = YES_AGGRESSIVE;
				CLANG_CXX_LANGUAGE_STANDARD = "gnu++20";
				CLANG_ENABLE_MODULES = YES;
				CLANG_ENABLE_OBJC_ARC = YES;
				CLANG_ENABLE_OBJC_WEAK = YES;
				CLANG_WARN_BLOCK_CAPTURE_AUTORELEASING = YES;
				CLANG_WARN_BOOL_CONVERSION = YES;
				CLANG_WARN_COMMA = YES;
				CLANG_WARN_CONSTANT_CONVERSION = YES;
				CLANG_WARN_DEPRECATED_OBJC_IMPLEMENTATIONS = YES;
				CLANG_WARN_DIRECT_OBJC_ISA_USAGE = YES_ERROR;
				CLANG_WARN_DOCUMENTATION_COMMENTS = YES;
				CLANG_WARN_EMPTY_BODY = YES;
				CLANG_WARN_ENUM_CONVERSION = YES;
				CLANG_WARN_INFINITE_RECURSION = YES;
				CLANG_WARN_INT_CONVERSION = YES;
				CLANG_WARN_NON_LITERAL_NULL_CONVERSION = YES;
				CLANG_WARN_OBJC_IMPLICIT_RETAIN_SELF = YES;
				CLANG_WARN_OBJC_LITERAL_CONVERSION = YES;
				CLANG_WARN_OBJC_ROOT_CLASS = YES_ERROR;
				CLANG_WARN_QUOTED_INCLUDE_IN_FRAMEWORK_HEADER = YES;
				CLANG_WARN_RANGE_LOOP_ANALYSIS = YES;
				CLANG_WARN_STRICT_PROTOTYPES = YES;
				CLANG_WARN_SUSPICIOUS_MOVE = YES;
				CLANG_WARN_UNGUARDED_AVAILABILITY = YES_AGGRESSIVE;
				CLANG_WARN_UNREACHABLE_CODE = YES;
				CLANG_WARN__DUPLICATE_METHOD_MATCH = YES;
				COPY_PHASE_STRIP = NO;
				DEBUG_INFORMATION_FORMAT = "dwarf-with-dsym";
				DEVELOPMENT_TEAM = AM6PVF74CC;
				ENABLE_NS_ASSERTIONS = NO;
				ENABLE_STRICT_OBJC_MSGSEND = YES;
				ENABLE_USER_SCRIPT_SANDBOXING = YES;
				GCC_C_LANGUAGE_STANDARD = gnu17;
				GCC_NO_COMMON_BLOCKS = YES;
				GCC_WARN_64_TO_32_BIT_CONVERSION = YES;
				GCC_WARN_ABOUT_RETURN_TYPE = YES_ERROR;
				GCC_WARN_UNDECLARED_SELECTOR = YES;
				GCC_WARN_UNINITIALIZED_AUTOS = YES_AGGRESSIVE;
				GCC_WARN_UNUSED_FUNCTION = YES;
				GCC_WARN_UNUSED_VARIABLE = YES;
				IPHONEOS_DEPLOYMENT_TARGET = 26.4;
				LOCALIZATION_PREFERS_STRING_CATALOGS = YES;
				MTL_ENABLE_DEBUG_INFO = NO;
				MTL_FAST_MATH = YES;
				SDKROOT = iphoneos;
				SWIFT_COMPILATION_MODE = wholemodule;
				VALIDATE_PRODUCT = YES;
			};
			name = Release;
		};
		E52AC4F52F8EEC56008BBC95 /* Debug */ = {
			isa = XCBuildConfiguration;
			buildSettings = {
				ASSETCATALOG_COMPILER_APPICON_NAME = AppIcon;
				ASSETCATALOG_COMPILER_GLOBAL_ACCENT_COLOR_NAME = AccentColor;
				CODE_SIGN_ENTITLEMENTS = SmarterTraining/SmarterTraining.entitlements;
				CODE_SIGN_STYLE = Automatic;
				CURRENT_PROJECT_VERSION = 8;
				DEVELOPMENT_TEAM = AM6PVF74CC;
				ENABLE_PREVIEWS = YES;
				GENERATE_INFOPLIST_FILE = YES;
				INFOPLIST_FILE = SmarterTraining/Info.plist;
				INFOPLIST_KEY_CFBundleDisplayName = SmarterTraining;
				INFOPLIST_KEY_ITSAppUsesNonExemptEncryption = NO;
				INFOPLIST_KEY_NSBluetoothAlwaysUsageDescription = "Smarter​Training uses ​Bluetooth to connect to your smart trainer for structured workouts.";
				INFOPLIST_KEY_UIApplicationSceneManifest_Generation = YES;
				INFOPLIST_KEY_UIApplicationSupportsIndirectInputEvents = YES;
				INFOPLIST_KEY_UILaunchScreen_Generation = YES;
				INFOPLIST_KEY_UISupportedInterfaceOrientations_iPad = "UIInterfaceOrientationPortrait UIInterfaceOrientationPortraitUpsideDown UIInterfaceOrientationLandscapeLeft UIInterfaceOrientationLandscapeRight";
				INFOPLIST_KEY_UISupportedInterfaceOrientations_iPhone = "UIInterfaceOrientationPortrait UIInterfaceOrientationLandscapeLeft UIInterfaceOrientationLandscapeRight";
				IPHONEOS_DEPLOYMENT_TARGET = 18.6;
				LD_RUNPATH_SEARCH_PATHS = (
					"$(inherited)",
					"@executable_path/Frameworks",
				);
				MARKETING_VERSION = 1.07;
				PRODUCT_BUNDLE_IDENTIFIER = com.timforan.SmarterTraining;
				PRODUCT_NAME = "$(TARGET_NAME)";
				STRING_CATALOG_GENERATE_SYMBOLS = YES;
				SWIFT_APPROACHABLE_CONCURRENCY = YES;
				SWIFT_DEFAULT_ACTOR_ISOLATION = MainActor;
				SWIFT_EMIT_LOC_STRINGS = YES;
				SWIFT_UPCOMING_FEATURE_MEMBER_IMPORT_VISIBILITY = YES;
				SWIFT_VERSION = 5.0;
				TARGETED_DEVICE_FAMILY = "1,2";
			};
			name = Debug;
		};
		E52AC4F62F8EEC56008BBC95 /* Release */ = {
			isa = XCBuildConfiguration;
			buildSettings = {
				ASSETCATALOG_COMPILER_APPICON_NAME = AppIcon;
				ASSETCATALOG_COMPILER_GLOBAL_ACCENT_COLOR_NAME = AccentColor;
				CODE_SIGN_ENTITLEMENTS = SmarterTraining/SmarterTraining.entitlements;
				CODE_SIGN_STYLE = Automatic;
				CURRENT_PROJECT_VERSION = 8;
				DEVELOPMENT_TEAM = AM6PVF74CC;
				ENABLE_PREVIEWS = YES;
				GENERATE_INFOPLIST_FILE = YES;
				INFOPLIST_FILE = SmarterTraining/Info.plist;
				INFOPLIST_KEY_CFBundleDisplayName = SmarterTraining;
				INFOPLIST_KEY_ITSAppUsesNonExemptEncryption = NO;
				INFOPLIST_KEY_NSBluetoothAlwaysUsageDescription = "Smarter​Training uses ​Bluetooth to connect to your smart trainer for structured workouts.";
				INFOPLIST_KEY_UIApplicationSceneManifest_Generation = YES;
				INFOPLIST_KEY_UIApplicationSupportsIndirectInputEvents = YES;
				INFOPLIST_KEY_UILaunchScreen_Generation = YES;
				INFOPLIST_KEY_UISupportedInterfaceOrientations_iPad = "UIInterfaceOrientationPortrait UIInterfaceOrientationPortraitUpsideDown UIInterfaceOrientationLandscapeLeft UIInterfaceOrientationLandscapeRight";
				INFOPLIST_KEY_UISupportedInterfaceOrientations_iPhone = "UIInterfaceOrientationPortrait UIInterfaceOrientationLandscapeLeft UIInterfaceOrientationLandscapeRight";
				IPHONEOS_DEPLOYMENT_TARGET = 18.6;
				LD_RUNPATH_SEARCH_PATHS = (
					"$(inherited)",
					"@executable_path/Frameworks",
				);
				MARKETING_VERSION = 1.07;
				PRODUCT_BUNDLE_IDENTIFIER = com.timforan.SmarterTraining;
				PRODUCT_NAME = "$(TARGET_NAME)";
				STRING_CATALOG_GENERATE_SYMBOLS = YES;
				SWIFT_APPROACHABLE_CONCURRENCY = YES;
				SWIFT_DEFAULT_ACTOR_ISOLATION = MainActor;
				SWIFT_EMIT_LOC_STRINGS = YES;
				SWIFT_UPCOMING_FEATURE_MEMBER_IMPORT_VISIBILITY = YES;
				SWIFT_VERSION = 5.0;
				TARGETED_DEVICE_FAMILY = "1,2";
			};
			name = Release;
		};
/* End XCBuildConfiguration section */

/* Begin XCConfigurationList section */
		E518BCE92F916C2800197E0F /* Build configuration list for PBXNativeTarget "SmarterTrainingTests" */ = {
			isa = XCConfigurationList;
			buildConfigurations = (
				E518BCEA2F916C2800197E0F /* Debug */,
				E518BCEB2F916C2800197E0F /* Release */,
			);
			defaultConfigurationIsVisible = 0;
			defaultConfigurationName = Release;
		};
		E52AC4E22F8EEC54008BBC95 /* Build configuration list for PBXProject "SmarterTraining" */ = {
			isa = XCConfigurationList;
			buildConfigurations = (
				E52AC4F22F8EEC56008BBC95 /* Debug */,
				E52AC4F32F8EEC56008BBC95 /* Release */,
			);
			defaultConfigurationIsVisible = 0;
			defaultConfigurationName = Release;
		};
		E52AC4F42F8EEC56008BBC95 /* Build configuration list for PBXNativeTarget "SmarterTraining" */ = {
			isa = XCConfigurationList;
			buildConfigurations = (
				E52AC4F52F8EEC56008BBC95 /* Debug */,
				E52AC4F62F8EEC56008BBC95 /* Release */,
			);
			defaultConfigurationIsVisible = 0;
			defaultConfigurationName = Release;
		};
/* End XCConfigurationList section */

/* Begin XCRemoteSwiftPackageReference section */
		0A5F43112FBA66AA008A7358 /* XCRemoteSwiftPackageReference "mixpanel-swift" */ = {
			isa = XCRemoteSwiftPackageReference;
			repositoryURL = "https://github.com/mixpanel/mixpanel-swift.git";
			requirement = {
				kind = upToNextMajorVersion;
				minimumVersion = 6.4.0;
			};
		};
		0A5F43202FBA6D0C008A7358 /* XCRemoteSwiftPackageReference "sentry-cocoa" */ = {
			isa = XCRemoteSwiftPackageReference;
			repositoryURL = "https://github.com/getsentry/sentry-cocoa.git";
			requirement = {
				kind = upToNextMajorVersion;
				minimumVersion = 9.13.0;
			};
		};
/* End XCRemoteSwiftPackageReference section */

/* Begin XCSwiftPackageProductDependency section */
		0A5F431C2FBA675A008A7358 /* Mixpanel */ = {
			isa = XCSwiftPackageProductDependency;
			package = 0A5F43112FBA66AA008A7358 /* XCRemoteSwiftPackageReference "mixpanel-swift" */;
			productName = Mixpanel;
		};
		0A5F43212FBA6D0C008A7358 /* Sentry */ = {
			isa = XCSwiftPackageProductDependency;
			package = 0A5F43202FBA6D0C008A7358 /* XCRemoteSwiftPackageReference "sentry-cocoa" */;
			productName = Sentry;
		};
/* End XCSwiftPackageProductDependency section */
	};
	rootObject = E52AC4DF2F8EEC54008BBC95 /* Project object */;
}
